PODS:
  - Flutter (1.0.0)
  - paytmpayments_allinonesdk (1.0.3):
    - Flutter

DEPENDENCIES:
  - Flutter (from `Flutter`)
  - paytmpayments_allinonesdk (from `.symlinks/plugins/paytmpayments_allinonesdk/ios`)

EXTERNAL SOURCES:
  Flutter:
    :path: Flutter
  paytmpayments_allinonesdk:
    :path: ".symlinks/plugins/paytmpayments_allinonesdk/ios"

SPEC CHECKSUMS:
  Flutter: cabc95a1d2626b1b06e7179b784ebcf0c0cde467
  paytmpayments_allinonesdk: cf3fff6e208c4ffac7f54a309ba92ab5f28c766c

PODFILE CHECKSUM: 3c63482e143d1b91d2d2560aee9fb04ecc74ac7e

COCOAPODS: 1.16.2
